
Microsoft Visual Studio Solution File, Format Version 12.00
# Visual Studio Version 17
VisualStudioVersion = 17.0.31903.59
MinimumVisualStudioVersion = 10.0.40219.1
Project("{FAE04EC0-301F-11D3-BF4B-00C04F79EFBC}") = "HomeLabControl", "HomeLabControl\HomeLabControl.csproj", "{2CD8B73A-7C9E-4C6A-A8C2-0B0D50D86EAD}"
EndProject
Project("{FAE04EC0-301F-11D3-BF4B-00C04F79EFBC}") = "HomeLabControlAgent", "HomeLabControlAgent\HomeLabControlAgent.csproj", "{7DDA482E-1C7F-4D1D-831B-F00FF7B343AB}"
EndProject
Project("{FAE04EC0-301F-11D3-BF4B-00C04F79EFBC}") = "ShutdownDialog", "ShutdownDialog\ShutdownDialog.csproj", "{9DBDD51A-1A08-4FCF-97BB-BD06FA130810}"
EndProject
Project("{FAE04EC0-301F-11D3-BF4B-00C04F79EFBC}") = "HomeLabControlAgent.Tests", "HomeLabControlAgent.Tests\HomeLabControlAgent.Tests.csproj", "{53242EE6-6279-49D0-8629-2B4FA3C202DA}"
EndProject
Global
	GlobalSection(SolutionConfigurationPlatforms) = preSolution
		Debug|Any CPU = Debug|Any CPU
		Debug|x64 = Debug|x64
		Debug|x86 = Debug|x86
		Release|Any CPU = Release|Any CPU
		Release|x64 = Release|x64
		Release|x86 = Release|x86
	EndGlobalSection
	GlobalSection(ProjectConfigurationPlatforms) = postSolution
		{2CD8B73A-7C9E-4C6A-A8C2-0B0D50D86EAD}.Debug|Any CPU.ActiveCfg = Debug|Any CPU
		{2CD8B73A-7C9E-4C6A-A8C2-0B0D50D86EAD}.Debug|Any CPU.Build.0 = Debug|Any CPU
		{2CD8B73A-7C9E-4C6A-A8C2-0B0D50D86EAD}.Debug|x64.ActiveCfg = Debug|Any CPU
		{2CD8B73A-7C9E-4C6A-A8C2-0B0D50D86EAD}.Debug|x64.Build.0 = Debug|Any CPU
		{2CD8B73A-7C9E-4C6A-A8C2-0B0D50D86EAD}.Debug|x86.ActiveCfg = Debug|Any CPU
		{2CD8B73A-7C9E-4C6A-A8C2-0B0D50D86EAD}.Debug|x86.Build.0 = Debug|Any CPU
		{2CD8B73A-7C9E-4C6A-A8C2-0B0D50D86EAD}.Release|Any CPU.ActiveCfg = Release|Any CPU
		{2CD8B73A-7C9E-4C6A-A8C2-0B0D50D86EAD}.Release|Any CPU.Build.0 = Release|Any CPU
		{2CD8B73A-7C9E-4C6A-A8C2-0B0D50D86EAD}.Release|x64.ActiveCfg = Release|Any CPU
		{2CD8B73A-7C9E-4C6A-A8C2-0B0D50D86EAD}.Release|x64.Build.0 = Release|Any CPU
		{2CD8B73A-7C9E-4C6A-A8C2-0B0D50D86EAD}.Release|x86.ActiveCfg = Release|Any CPU
		{2CD8B73A-7C9E-4C6A-A8C2-0B0D50D86EAD}.Release|x86.Build.0 = Release|Any CPU
		{7DDA482E-1C7F-4D1D-831B-F00FF7B343AB}.Debug|Any CPU.ActiveCfg = Debug|Any CPU
		{7DDA482E-1C7F-4D1D-831B-F00FF7B343AB}.Debug|Any CPU.Build.0 = Debug|Any CPU
		{7DDA482E-1C7F-4D1D-831B-F00FF7B343AB}.Debug|x64.ActiveCfg = Debug|Any CPU
		{7DDA482E-1C7F-4D1D-831B-F00FF7B343AB}.Debug|x64.Build.0 = Debug|Any CPU
		{7DDA482E-1C7F-4D1D-831B-F00FF7B343AB}.Debug|x86.ActiveCfg = Debug|Any CPU
		{7DDA482E-1C7F-4D1D-831B-F00FF7B343AB}.Debug|x86.Build.0 = Debug|Any CPU
		{7DDA482E-1C7F-4D1D-831B-F00FF7B343AB}.Release|Any CPU.ActiveCfg = Release|Any CPU
		{7DDA482E-1C7F-4D1D-831B-F00FF7B343AB}.Release|Any CPU.Build.0 = Release|Any CPU
		{7DDA482E-1C7F-4D1D-831B-F00FF7B343AB}.Release|x64.ActiveCfg = Release|Any CPU
		{7DDA482E-1C7F-4D1D-831B-F00FF7B343AB}.Release|x64.Build.0 = Release|Any CPU
		{7DDA482E-1C7F-4D1D-831B-F00FF7B343AB}.Release|x86.ActiveCfg = Release|Any CPU
		{7DDA482E-1C7F-4D1D-831B-F00FF7B343AB}.Release|x86.Build.0 = Release|Any CPU
		{9DBDD51A-1A08-4FCF-97BB-BD06FA130810}.Debug|Any CPU.ActiveCfg = Debug|Any CPU
		{9DBDD51A-1A08-4FCF-97BB-BD06FA130810}.Debug|Any CPU.Build.0 = Debug|Any CPU
		{9DBDD51A-1A08-4FCF-97BB-BD06FA130810}.Debug|x64.ActiveCfg = Debug|x64
		{9DBDD51A-1A08-4FCF-97BB-BD06FA130810}.Debug|x64.Build.0 = Debug|x64
		{9DBDD51A-1A08-4FCF-97BB-BD06FA130810}.Debug|x86.ActiveCfg = Debug|Any CPU
		{9DBDD51A-1A08-4FCF-97BB-BD06FA130810}.Debug|x86.Build.0 = Debug|Any CPU
		{9DBDD51A-1A08-4FCF-97BB-BD06FA130810}.Release|Any CPU.ActiveCfg = Release|Any CPU
		{9DBDD51A-1A08-4FCF-97BB-BD06FA130810}.Release|Any CPU.Build.0 = Release|Any CPU
		{9DBDD51A-1A08-4FCF-97BB-BD06FA130810}.Release|x64.ActiveCfg = Release|x64
		{9DBDD51A-1A08-4FCF-97BB-BD06FA130810}.Release|x64.Build.0 = Release|x64
		{9DBDD51A-1A08-4FCF-97BB-BD06FA130810}.Release|x86.ActiveCfg = Release|Any CPU
		{9DBDD51A-1A08-4FCF-97BB-BD06FA130810}.Release|x86.Build.0 = Release|Any CPU
		{53242EE6-6279-49D0-8629-2B4FA3C202DA}.Debug|Any CPU.ActiveCfg = Debug|Any CPU
		{53242EE6-6279-49D0-8629-2B4FA3C202DA}.Debug|Any CPU.Build.0 = Debug|Any CPU
		{53242EE6-6279-49D0-8629-2B4FA3C202DA}.Debug|x64.ActiveCfg = Debug|Any CPU
		{53242EE6-6279-49D0-8629-2B4FA3C202DA}.Debug|x64.Build.0 = Debug|Any CPU
		{53242EE6-6279-49D0-8629-2B4FA3C202DA}.Debug|x86.ActiveCfg = Debug|Any CPU
		{53242EE6-6279-49D0-8629-2B4FA3C202DA}.Debug|x86.Build.0 = Debug|Any CPU
		{53242EE6-6279-49D0-8629-2B4FA3C202DA}.Release|Any CPU.ActiveCfg = Release|Any CPU
		{53242EE6-6279-49D0-8629-2B4FA3C202DA}.Release|Any CPU.Build.0 = Release|Any CPU
		{53242EE6-6279-49D0-8629-2B4FA3C202DA}.Release|x64.ActiveCfg = Release|Any CPU
		{53242EE6-6279-49D0-8629-2B4FA3C202DA}.Release|x64.Build.0 = Release|Any CPU
		{53242EE6-6279-49D0-8629-2B4FA3C202DA}.Release|x86.ActiveCfg = Release|Any CPU
		{53242EE6-6279-49D0-8629-2B4FA3C202DA}.Release|x86.Build.0 = Release|Any CPU
	EndGlobalSection
	GlobalSection(SolutionProperties) = preSolution
		HideSolutionNode = FALSE
	EndGlobalSection
EndGlobal
